PODS:
  - BNCore (0.0.1)
  - Nimble (7.3.4)
  - Quick (1.2.0)

DEPENDENCIES:
  - BNCore (from `../`)
  - Nimble (~> 7.0)
  - Quick (~> 1.2.0)

SPEC REPOS:
  https://github.com/CocoaPods/Specs.git:
    - Nimble
    - Quick

EXTERNAL SOURCES:
  BNCore:
    :path: "../"

SPEC CHECKSUMS:
  BNCore: 49e2a4b3fc50970bb6677471101b084e1f9c608d
  Nimble: 051e3d8912d40138fa5591c78594f95fb172af37
  Quick: 58d203b1c5e27fff7229c4c1ae445ad7069a7a08

PODFILE CHECKSUM: 4b718937dfde054dc90abec5ad9880a4c858f27d

COCOAPODS: 1.9.1
